<?xml version="1.0" encoding="utf-8"?>
<Project ToolsVersion="4.0" xmlns="http://schemas.microsoft.com/developer/msbuild/2003">
  <ItemGroup>
    <Filter Include="Исходные файлы">
      <UniqueIdentifier>{4FC737F1-C7A5-4376-A066-2A32D752A2FF}</UniqueIdentifier>
      <Extensions>cpp;c;cc;cxx;c++;cppm;ixx;def;odl;idl;hpj;bat;asm;asmx</Extensions>
    </Filter>
    <Filter Include="Файлы заголовков">
      <UniqueIdentifier>{93995380-89BD-4b04-88EB-625FBE52EBFB}</UniqueIdentifier>
      <Extensions>h;hh;hpp;hxx;h++;hm;inl;inc;ipp;xsd</Extensions>
    </Filter>
    <Filter Include="Файлы ресурсов">
      <UniqueIdentifier>{67DA6AB6-F800-4c08-8B7A-83BB121AAD01}</UniqueIdentifier>
      <Extensions>rc;ico;cur;bmp;dlg;rc2;rct;bin;rgs;gif;jpg;jpeg;jpe;resx;tiff;tif;png;wav;mfcribbon-ms</Extensions>
    </Filter>
    <Filter Include="States">
      <UniqueIdentifier>{698540ad-5885-4838-a71d-7c78ebb6b338}</UniqueIdentifier>
    </Filter>
    <Filter Include="Entities">
      <UniqueIdentifier>{22a91e7f-ff54-4ed4-885b-8937665da64e}</UniqueIdentifier>
    </Filter>
    <Filter Include="Entities\Components">
      <UniqueIdentifier>{cd9f78b5-596f-41d9-8cdc-5393d237b312}</UniqueIdentifier>
    </Filter>
    <Filter Include="Tile">
      <UniqueIdentifier>{457357e5-888c-4ae2-8050-b7ffc896d43b}</UniqueIdentifier>
    </Filter>
    <Filter Include="GUI">
      <UniqueIdentifier>{fc4caccd-5f3a-4164-98ec-bf6e4dcd80b5}</UniqueIdentifier>
    </Filter>
    <Filter Include="Map">
      <UniqueIdentifier>{6e179ee8-75f4-431c-b747-02a15534e5c0}</UniqueIdentifier>
    </Filter>
  </ItemGroup>
  <ItemGroup>
    <ClCompile Include="Game.cpp">
      <Filter>Исходные файлы</Filter>
    </ClCompile>
    <ClCompile Include="State.cpp">
      <Filter>States</Filter>
    </ClCompile>
    <ClCompile Include="GameState.cpp">
      <Filter>States</Filter>
    </ClCompile>
    <ClCompile Include="main.cpp">
      <Filter>Исходные файлы</Filter>
    </ClCompile>
    <ClCompile Include="Entity.cpp">
      <Filter>Entities</Filter>
    </ClCompile>
    <ClCompile Include="MainMenuState.cpp">
      <Filter>States</Filter>
    </ClCompile>
    <ClCompile Include="Gui.cpp">
      <Filter>Исходные файлы</Filter>
    </ClCompile>
    <ClCompile Include="Player.cpp">
      <Filter>Entities</Filter>
    </ClCompile>
    <ClCompile Include="MovementComponent.cpp">
      <Filter>Entities\Components</Filter>
    </ClCompile>
    <ClCompile Include="AnimationComponent.cpp">
      <Filter>Entities\Components</Filter>
    </ClCompile>
    <ClCompile Include="EditorState.cpp">
      <Filter>States</Filter>
    </ClCompile>
    <ClCompile Include="HitBoxComponent.cpp">
      <Filter>Entities\Components</Filter>
    </ClCompile>
    <ClCompile Include="Tile.cpp">
      <Filter>Tile</Filter>
    </ClCompile>
    <ClCompile Include="PauseMenu.cpp">
      <Filter>GUI</Filter>
    </ClCompile>
    <ClCompile Include="SettingsState.cpp">
      <Filter>States</Filter>
    </ClCompile>
    <ClCompile Include="TileMap.cpp">
      <Filter>Map</Filter>
    </ClCompile>
    <ClCompile Include="stdafx.cpp">
      <Filter>Исходные файлы</Filter>
    </ClCompile>
    <ClCompile Include="GraphicsSettings.cpp">
      <Filter>Исходные файлы</Filter>
    </ClCompile>
  </ItemGroup>
  <ItemGroup>
    <ClInclude Include="Game.h">
      <Filter>Файлы заголовков</Filter>
    </ClInclude>
    <ClInclude Include="State.h">
      <Filter>States</Filter>
    </ClInclude>
    <ClInclude Include="GameState.h">
      <Filter>States</Filter>
    </ClInclude>
    <ClInclude Include="Entity.h">
      <Filter>Entities</Filter>
    </ClInclude>
    <ClInclude Include="MainMenuState.h">
      <Filter>States</Filter>
    </ClInclude>
    <ClInclude Include="Gui.h">
      <Filter>Файлы заголовков</Filter>
    </ClInclude>
    <ClInclude Include="Player.h">
      <Filter>Entities</Filter>
    </ClInclude>
    <ClInclude Include="MovementComponent.h">
      <Filter>Entities\Components</Filter>
    </ClInclude>
    <ClInclude Include="AnimationComponent.h">
      <Filter>Entities\Components</Filter>
    </ClInclude>
    <ClInclude Include="EditorState.h">
      <Filter>States</Filter>
    </ClInclude>
    <ClInclude Include="HitBoxComponent.h">
      <Filter>Entities\Components</Filter>
    </ClInclude>
    <ClInclude Include="Tile.h">
      <Filter>Tile</Filter>
    </ClInclude>
    <ClInclude Include="PauseMenu.h">
      <Filter>GUI</Filter>
    </ClInclude>
    <ClInclude Include="SettingsState.h">
      <Filter>States</Filter>
    </ClInclude>
    <ClInclude Include="TileMap.h">
      <Filter>Map</Filter>
    </ClInclude>
    <ClInclude Include="stdafx.h">
      <Filter>Файлы заголовков</Filter>
    </ClInclude>
    <ClInclude Include="GraphicsSettings.h">
      <Filter>Файлы заголовков</Filter>
    </ClInclude>
  </ItemGroup>
</Project>